<?xml version="1.0" encoding="utf-8"?>
<Project ToolsVersion="4.0" xmlns="http://schemas.microsoft.com/developer/msbuild/2003">
  <ItemGroup>
    <Filter Include="Source Files">
      <UniqueIdentifier>{4FC737F1-C7A5-4376-A066-2A32D752A2FF}</UniqueIdentifier>
      <Extensions>cpp;c;cc;cxx;c++;cppm;ixx;def;odl;idl;hpj;bat;asm;asmx</Extensions>
    </Filter>
    <Filter Include="Header Files">
      <UniqueIdentifier>{93995380-89BD-4b04-88EB-625FBE52EBFB}</UniqueIdentifier>
      <Extensions>h;hh;hpp;hxx;h++;hm;inl;inc;ipp;xsd</Extensions>
    </Filter>
    <Filter Include="Source Files\day_01">
      <UniqueIdentifier>{cad6c1de-26fe-4536-99f5-9c0e8adf4652}</UniqueIdentifier>
    </Filter>
    <Filter Include="Source Files\day_02">
      <UniqueIdentifier>{17ee27a5-5379-49a3-b0b6-c3e682b2dcfc}</UniqueIdentifier>
    </Filter>
    <Filter Include="Source Files\day_03">
      <UniqueIdentifier>{461debe4-9910-4a79-a0c3-9de84d30965f}</UniqueIdentifier>
    </Filter>
    <Filter Include="Source Files\day_04">
      <UniqueIdentifier>{7515fe1c-4e1d-4152-a0e7-5f2ce45342e0}</UniqueIdentifier>
    </Filter>
    <Filter Include="Source Files\day_05">
      <UniqueIdentifier>{87002af9-1f4b-4c95-a069-9af9bc32eff3}</UniqueIdentifier>
    </Filter>
    <Filter Include="Source Files\day_06">
      <UniqueIdentifier>{4a390142-14dc-4e31-b499-cf7f57f72ab2}</UniqueIdentifier>
    </Filter>
    <Filter Include="Source Files\day_07">
      <UniqueIdentifier>{14f03769-9e65-4d7e-9404-9d7f2b4f51fe}</UniqueIdentifier>
    </Filter>
    <Filter Include="Source Files\day_08">
      <UniqueIdentifier>{c062c1d0-1f29-4c2a-98fc-02c5215a0e7c}</UniqueIdentifier>
    </Filter>
    <Filter Include="Source Files\day_09">
      <UniqueIdentifier>{c8db3020-8c18-4e6f-92b9-7127e037d45d}</UniqueIdentifier>
    </Filter>
    <Filter Include="Source Files\day_10">
      <UniqueIdentifier>{e3424e28-b5c4-4254-b649-4a20c9e1c95c}</UniqueIdentifier>
    </Filter>
    <Filter Include="Source Files\day_11">
      <UniqueIdentifier>{f4074c4b-cd9b-4206-80d8-edef7bea2ab4}</UniqueIdentifier>
    </Filter>
    <Filter Include="Source Files\day_12">
      <UniqueIdentifier>{dda4bb43-262c-4c8d-afe6-3bad54e71888}</UniqueIdentifier>
    </Filter>
    <Filter Include="Source Files\utilities">
      <UniqueIdentifier>{b4c091ea-7e8d-466e-8578-9764f0b453c0}</UniqueIdentifier>
    </Filter>
    <Filter Include="Source Files\day_13">
      <UniqueIdentifier>{08da588f-c8ac-4adf-82f4-c1f449c67e8c}</UniqueIdentifier>
    </Filter>
  </ItemGroup>
  <ItemGroup>
    <ClCompile Include="source\main.cpp">
      <Filter>Source Files</Filter>
    </ClCompile>
    <ClCompile Include="source\day_01.cpp">
      <Filter>Source Files\day_01</Filter>
    </ClCompile>
    <ClCompile Include="source\day_02.cpp">
      <Filter>Source Files\day_02</Filter>
    </ClCompile>
    <ClCompile Include="source\day_03.cpp">
      <Filter>Source Files\day_03</Filter>
    </ClCompile>
    <ClCompile Include="source\day_04.cpp">
      <Filter>Source Files\day_04</Filter>
    </ClCompile>
    <ClCompile Include="source\day_05.cpp">
      <Filter>Source Files\day_05</Filter>
    </ClCompile>
    <ClCompile Include="source\day_06.cpp">
      <Filter>Source Files\day_06</Filter>
    </ClCompile>
    <ClCompile Include="source\day_07.cpp">
      <Filter>Source Files\day_07</Filter>
    </ClCompile>
    <ClCompile Include="source\day_08.cpp">
      <Filter>Source Files\day_08</Filter>
    </ClCompile>
    <ClCompile Include="source\day_09.cpp">
      <Filter>Source Files\day_09</Filter>
    </ClCompile>
    <ClCompile Include="source\day_10.cpp">
      <Filter>Source Files\day_10</Filter>
    </ClCompile>
    <ClCompile Include="source\day_11.cpp">
      <Filter>Source Files\day_11</Filter>
    </ClCompile>
    <ClCompile Include="source\day_12.cpp">
      <Filter>Source Files\day_12</Filter>
    </ClCompile>
    <ClCompile Include="source\day_13.cpp">
      <Filter>Source Files\day_13</Filter>
    </ClCompile>
  </ItemGroup>
  <ItemGroup>
    <ClInclude Include="source\days.h">
      <Filter>Source Files</Filter>
    </ClInclude>
    <ClInclude Include="source\vec2.h">
      <Filter>Source Files\utilities</Filter>
    </ClInclude>
  </ItemGroup>
</Project>